<?xml version="1.0" encoding="utf-8"?>
<Project ToolsVersion="4.0" xmlns="http://schemas.microsoft.com/developer/msbuild/2003">
  <ItemGroup>
    <Filter Include="SourceFiles">
      <UniqueIdentifier>{fe4dca85-45ab-4d97-bc17-a5ae38006574}</UniqueIdentifier>
    </Filter>
    <Filter Include="SourceFiles\art">
      <UniqueIdentifier>{2273e63c-5ef9-40cc-a2aa-b067669b14bf}</UniqueIdentifier>
    </Filter>
    <Filter Include="SourceFiles\ga">
      <UniqueIdentifier>{ae105b8e-acd6-413e-80da-8110fb791618}</UniqueIdentifier>
    </Filter>
    <Filter Include="SourceFiles\muParser">
      <UniqueIdentifier>{8b497258-3939-47aa-989f-b714ba415c85}</UniqueIdentifier>
    </Filter>
    <Filter Include="SourceFiles\fortran">
      <UniqueIdentifier>{5ce05b95-f2a8-4406-ad27-07b5fa256941}</UniqueIdentifier>
    </Filter>
    <Filter Include="HeaderFiles">
      <UniqueIdentifier>{c2e4129c-922d-41d3-abd8-78497751df53}</UniqueIdentifier>
    </Filter>
    <Filter Include="HeaderFiles\art">
      <UniqueIdentifier>{f404e1b1-a5f0-40b1-8521-ef12727435e4}</UniqueIdentifier>
    </Filter>
    <Filter Include="HeaderFiles\ga">
      <UniqueIdentifier>{a4e1970f-0e87-4a39-9b01-07a69e06c2f7}</UniqueIdentifier>
    </Filter>
    <Filter Include="HeaderFiles\muParser">
      <UniqueIdentifier>{8c98cd93-351b-4bf0-8704-c27a8859e54e}</UniqueIdentifier>
    </Filter>
    <Filter Include="HeaderFiles\fortran">
      <UniqueIdentifier>{55ad0558-c9f3-439d-8faf-dcc9ca184d6c}</UniqueIdentifier>
    </Filter>
  </ItemGroup>
  <ItemGroup>
    <ClCompile Include="..\source\art\ART.cpp">
      <Filter>SourceFiles\art</Filter>
    </ClCompile>
    <ClCompile Include="..\source\art\ARTdataContainer.cpp">
      <Filter>SourceFiles\art</Filter>
    </ClCompile>
    <ClCompile Include="..\source\art\ARTerror.cpp">
      <Filter>SourceFiles\art</Filter>
    </ClCompile>
    <ClCompile Include="..\source\art\ARTfunctionoid.cpp">
      <Filter>SourceFiles\art</Filter>
    </ClCompile>
    <ClCompile Include="..\source\art\ARTlink.cpp">
      <Filter>SourceFiles\art</Filter>
    </ClCompile>
    <ClCompile Include="..\source\art\hornelement.cpp">
      <Filter>SourceFiles\art</Filter>
    </ClCompile>
    <ClCompile Include="..\source\art\impedancecurve.cpp">
      <Filter>SourceFiles\art</Filter>
    </ClCompile>
    <ClCompile Include="..\source\art\interface.cpp">
      <Filter>SourceFiles\art</Filter>
    </ClCompile>
    <ClCompile Include="..\source\art\legquadrature.cpp">
      <Filter>SourceFiles\art</Filter>
    </ClCompile>
    <ClCompile Include="..\source\art\rosenbrock.cpp">
      <Filter>SourceFiles\art</Filter>
    </ClCompile>
    <ClCompile Include="..\source\art\runga.cpp">
      <Filter>SourceFiles\art</Filter>
    </ClCompile>
    <ClCompile Include="..\source\art\runrb.cpp">
      <Filter>SourceFiles\art</Filter>
    </ClCompile>
    <ClCompile Include="..\source\art\simplematrix.cpp">
      <Filter>SourceFiles\art</Filter>
    </ClCompile>
    <ClCompile Include="..\source\art\strparsing.cpp">
      <Filter>SourceFiles\art</Filter>
    </ClCompile>
    <ClCompile Include="..\source\art\test_main.cpp">
      <Filter>SourceFiles\art</Filter>
    </ClCompile>
    <ClCompile Include="..\source\art\windinstrument.cpp">
      <Filter>SourceFiles\art</Filter>
    </ClCompile>
    <ClCompile Include="..\source\ga\GA1DArrayGenome.cpp">
      <Filter>SourceFiles\ga</Filter>
    </ClCompile>
    <ClCompile Include="..\source\ga\GA1DBinStrGenome.cpp">
      <Filter>SourceFiles\ga</Filter>
    </ClCompile>
    <ClCompile Include="..\source\ga\GA2DArrayGenome.cpp">
      <Filter>SourceFiles\ga</Filter>
    </ClCompile>
    <ClCompile Include="..\source\ga\GA2DBinStrGenome.cpp">
      <Filter>SourceFiles\ga</Filter>
    </ClCompile>
    <ClCompile Include="..\source\ga\GA3DArrayGenome.cpp">
      <Filter>SourceFiles\ga</Filter>
    </ClCompile>
    <ClCompile Include="..\source\ga\GA3DBinStrGenome.cpp">
      <Filter>SourceFiles\ga</Filter>
    </ClCompile>
    <ClCompile Include="..\source\ga\GAAllele.cpp">
      <Filter>SourceFiles\ga</Filter>
    </ClCompile>
    <ClCompile Include="..\source\ga\GABaseGA.cpp">
      <Filter>SourceFiles\ga</Filter>
    </ClCompile>
    <ClCompile Include="..\source\ga\GABin2DecGenome.cpp">
      <Filter>SourceFiles\ga</Filter>
    </ClCompile>
    <ClCompile Include="..\source\ga\gabincvt.cpp">
      <Filter>SourceFiles\ga</Filter>
    </ClCompile>
    <ClCompile Include="..\source\ga\GABinStr.cpp">
      <Filter>SourceFiles\ga</Filter>
    </ClCompile>
    <ClCompile Include="..\source\ga\GADCrowdingGA.cpp">
      <Filter>SourceFiles\ga</Filter>
    </ClCompile>
    <ClCompile Include="..\source\ga\GADemeGA.cpp">
      <Filter>SourceFiles\ga</Filter>
    </ClCompile>
    <ClCompile Include="..\source\ga\gaerror.cpp">
      <Filter>SourceFiles\ga</Filter>
    </ClCompile>
    <ClCompile Include="..\source\ga\GAGenome.cpp">
      <Filter>SourceFiles\ga</Filter>
    </ClCompile>
    <ClCompile Include="..\source\ga\GAIncGA.cpp">
      <Filter>SourceFiles\ga</Filter>
    </ClCompile>
    <ClCompile Include="..\source\ga\GAList.cpp">
      <Filter>SourceFiles\ga</Filter>
    </ClCompile>
    <ClCompile Include="..\source\ga\GAListBASE.cpp">
      <Filter>SourceFiles\ga</Filter>
    </ClCompile>
    <ClCompile Include="..\source\ga\GAListGenome.cpp">
      <Filter>SourceFiles\ga</Filter>
    </ClCompile>
    <ClCompile Include="..\source\ga\GAParameter.cpp">
      <Filter>SourceFiles\ga</Filter>
    </ClCompile>
    <ClCompile Include="..\source\ga\GAPopulation.cpp">
      <Filter>SourceFiles\ga</Filter>
    </ClCompile>
    <ClCompile Include="..\source\ga\garandom.cpp">
      <Filter>SourceFiles\ga</Filter>
    </ClCompile>
    <ClCompile Include="..\source\ga\GARealGenome.cpp">
      <Filter>SourceFiles\ga</Filter>
    </ClCompile>
    <ClCompile Include="..\source\ga\GAScaling.cpp">
      <Filter>SourceFiles\ga</Filter>
    </ClCompile>
    <ClCompile Include="..\source\ga\GASelector.cpp">
      <Filter>SourceFiles\ga</Filter>
    </ClCompile>
    <ClCompile Include="..\source\ga\GASimpleGA.cpp">
      <Filter>SourceFiles\ga</Filter>
    </ClCompile>
    <ClCompile Include="..\source\ga\GASStateGA.cpp">
      <Filter>SourceFiles\ga</Filter>
    </ClCompile>
    <ClCompile Include="..\source\ga\GAStatistics.cpp">
      <Filter>SourceFiles\ga</Filter>
    </ClCompile>
    <ClCompile Include="..\source\ga\GAStringGenome.cpp">
      <Filter>SourceFiles\ga</Filter>
    </ClCompile>
    <ClCompile Include="..\source\ga\GATree.cpp">
      <Filter>SourceFiles\ga</Filter>
    </ClCompile>
    <ClCompile Include="..\source\ga\GATreeBASE.cpp">
      <Filter>SourceFiles\ga</Filter>
    </ClCompile>
    <ClCompile Include="..\source\ga\GATreeGenome.cpp">
      <Filter>SourceFiles\ga</Filter>
    </ClCompile>
    <ClCompile Include="..\source\muParser\mpError.cpp">
      <Filter>SourceFiles\muParser</Filter>
    </ClCompile>
    <ClCompile Include="..\source\muParser\mpFuncCmplx.cpp">
      <Filter>SourceFiles\muParser</Filter>
    </ClCompile>
    <ClCompile Include="..\source\muParser\mpFuncCommon.cpp">
      <Filter>SourceFiles\muParser</Filter>
    </ClCompile>
    <ClCompile Include="..\source\muParser\mpFuncNonCmplx.cpp">
      <Filter>SourceFiles\muParser</Filter>
    </ClCompile>
    <ClCompile Include="..\source\muParser\mpFuncStr.cpp">
      <Filter>SourceFiles\muParser</Filter>
    </ClCompile>
    <ClCompile Include="..\source\muParser\mpICallback.cpp">
      <Filter>SourceFiles\muParser</Filter>
    </ClCompile>
    <ClCompile Include="..\source\muParser\mpIfThenElse.cpp">
      <Filter>SourceFiles\muParser</Filter>
    </ClCompile>
    <ClCompile Include="..\source\muParser\mpIOprt.cpp">
      <Filter>SourceFiles\muParser</Filter>
    </ClCompile>
    <ClCompile Include="..\source\muParser\mpIPackage.cpp">
      <Filter>SourceFiles\muParser</Filter>
    </ClCompile>
    <ClCompile Include="..\source\muParser\mpIToken.cpp">
      <Filter>SourceFiles\muParser</Filter>
    </ClCompile>
    <ClCompile Include="..\source\muParser\mpIValReader.cpp">
      <Filter>SourceFiles\muParser</Filter>
    </ClCompile>
    <ClCompile Include="..\source\muParser\mpIValue.cpp">
      <Filter>SourceFiles\muParser</Filter>
    </ClCompile>
    <ClCompile Include="..\source\muParser\mpOprtBinAssign.cpp">
      <Filter>SourceFiles\muParser</Filter>
    </ClCompile>
    <ClCompile Include="..\source\muParser\mpOprtBinCommon.cpp">
      <Filter>SourceFiles\muParser</Filter>
    </ClCompile>
    <ClCompile Include="..\source\muParser\mpOprtCmplx.cpp">
      <Filter>SourceFiles\muParser</Filter>
    </ClCompile>
    <ClCompile Include="..\source\muParser\mpOprtNonCmplx.cpp">
      <Filter>SourceFiles\muParser</Filter>
    </ClCompile>
    <ClCompile Include="..\source\muParser\mpOverload.cpp">
      <Filter>SourceFiles\muParser</Filter>
    </ClCompile>
    <ClCompile Include="..\source\muParser\mpPackageCmplx.cpp">
      <Filter>SourceFiles\muParser</Filter>
    </ClCompile>
    <ClCompile Include="..\source\muParser\mpPackageCommon.cpp">
      <Filter>SourceFiles\muParser</Filter>
    </ClCompile>
    <ClCompile Include="..\source\muParser\mpPackageNonCmplx.cpp">
      <Filter>SourceFiles\muParser</Filter>
    </ClCompile>
    <ClCompile Include="..\source\muParser\mpPackageStr.cpp">
      <Filter>SourceFiles\muParser</Filter>
    </ClCompile>
    <ClCompile Include="..\source\muParser\mpPackageUnit.cpp">
      <Filter>SourceFiles\muParser</Filter>
    </ClCompile>
    <ClCompile Include="..\source\muParser\mpParser.cpp">
      <Filter>SourceFiles\muParser</Filter>
    </ClCompile>
    <ClCompile Include="..\source\muParser\mpParserBase.cpp">
      <Filter>SourceFiles\muParser</Filter>
    </ClCompile>
    <ClCompile Include="..\source\muParser\mpRPN.cpp">
      <Filter>SourceFiles\muParser</Filter>
    </ClCompile>
    <ClCompile Include="..\source\muParser\mpTest.cpp">
      <Filter>SourceFiles\muParser</Filter>
    </ClCompile>
    <ClCompile Include="..\source\muParser\mpTokenReader.cpp">
      <Filter>SourceFiles\muParser</Filter>
    </ClCompile>
    <ClCompile Include="..\source\muParser\mpValReader.cpp">
      <Filter>SourceFiles\muParser</Filter>
    </ClCompile>
    <ClCompile Include="..\source\muParser\mpValue.cpp">
      <Filter>SourceFiles\muParser</Filter>
    </ClCompile>
    <ClCompile Include="..\source\muParser\mpValueCache.cpp">
      <Filter>SourceFiles\muParser</Filter>
    </ClCompile>
    <ClCompile Include="..\source\muParser\mpVariable.cpp">
      <Filter>SourceFiles\muParser</Filter>
    </ClCompile>
    <ClCompile Include="..\source\fortran\cbabk2.c">
      <Filter>SourceFiles\fortran</Filter>
    </ClCompile>
    <ClCompile Include="..\source\fortran\cbal.c">
      <Filter>SourceFiles\fortran</Filter>
    </ClCompile>
    <ClCompile Include="..\source\fortran\cdiv.c">
      <Filter>SourceFiles\fortran</Filter>
    </ClCompile>
    <ClCompile Include="..\source\fortran\cg.c">
      <Filter>SourceFiles\fortran</Filter>
    </ClCompile>
    <ClCompile Include="..\source\fortran\comqr.c">
      <Filter>SourceFiles\fortran</Filter>
    </ClCompile>
    <ClCompile Include="..\source\fortran\comqr2.c">
      <Filter>SourceFiles\fortran</Filter>
    </ClCompile>
    <ClCompile Include="..\source\fortran\corth.c">
      <Filter>SourceFiles\fortran</Filter>
    </ClCompile>
    <ClCompile Include="..\source\fortran\csroot.c">
      <Filter>SourceFiles\fortran</Filter>
    </ClCompile>
    <ClCompile Include="..\source\fortran\pythag.c">
      <Filter>SourceFiles\fortran</Filter>
    </ClCompile>
    <ClCompile Include="..\source\art\ARTtimeModule.cpp">
      <Filter>SourceFiles\art</Filter>
    </ClCompile>
    <ClCompile Include="..\source\art\ARTsimulator.cpp">
      <Filter>SourceFiles\art</Filter>
    </ClCompile>
  </ItemGroup>
  <ItemGroup>
    <ClInclude Include="..\include\art\ART.h">
      <Filter>HeaderFiles\art</Filter>
    </ClInclude>
    <ClInclude Include="..\include\art\ARTdataContainer.h">
      <Filter>HeaderFiles\art</Filter>
    </ClInclude>
    <ClInclude Include="..\include\art\ARTerror.h">
      <Filter>HeaderFiles\art</Filter>
    </ClInclude>
    <ClInclude Include="..\include\art\ARTfunctionoid.h">
      <Filter>HeaderFiles\art</Filter>
    </ClInclude>
    <ClInclude Include="..\include\art\ARTlink.h">
      <Filter>HeaderFiles\art</Filter>
    </ClInclude>
    <ClInclude Include="..\include\art\ARTmodel.h">
      <Filter>HeaderFiles\art</Filter>
    </ClInclude>
    <ClInclude Include="..\include\art\ARTmodelinterface.h">
      <Filter>HeaderFiles\art</Filter>
    </ClInclude>
    <ClInclude Include="..\include\art\ARTwaveObject.h">
      <Filter>HeaderFiles\art</Filter>
    </ClInclude>
    <ClInclude Include="..\include\art\autoinit.hpp">
      <Filter>HeaderFiles\art</Filter>
    </ClInclude>
    <ClInclude Include="..\include\art\binary.hpp">
      <Filter>HeaderFiles\art</Filter>
    </ClInclude>
    <ClInclude Include="..\include\art\common.hpp">
      <Filter>HeaderFiles\art</Filter>
    </ClInclude>
    <ClInclude Include="..\include\art\common_vs6.hpp">
      <Filter>HeaderFiles\art</Filter>
    </ClInclude>
    <ClInclude Include="..\include\art\constants.hpp">
      <Filter>HeaderFiles\art</Filter>
    </ClInclude>
    <ClInclude Include="..\include\art\error.hpp">
      <Filter>HeaderFiles\art</Filter>
    </ClInclude>
    <ClInclude Include="..\include\art\error_vs6.hpp">
      <Filter>HeaderFiles\art</Filter>
    </ClInclude>
    <ClInclude Include="..\include\art\fatals.hpp">
      <Filter>HeaderFiles\art</Filter>
    </ClInclude>
    <ClInclude Include="..\include\art\HornElement.h">
      <Filter>HeaderFiles\art</Filter>
    </ClInclude>
    <ClInclude Include="..\include\art\ImpedanceCurve.h">
      <Filter>HeaderFiles\art</Filter>
    </ClInclude>
    <ClInclude Include="..\include\art\inline.hpp">
      <Filter>HeaderFiles\art</Filter>
    </ClInclude>
    <ClInclude Include="..\include\art\Interface.h">
      <Filter>HeaderFiles\art</Filter>
    </ClInclude>
    <ClInclude Include="..\include\art\LeGquadrature.h">
      <Filter>HeaderFiles\art</Filter>
    </ClInclude>
    <ClInclude Include="..\include\art\matrix.h">
      <Filter>HeaderFiles\art</Filter>
    </ClInclude>
    <ClInclude Include="..\include\art\MMSimul.h">
      <Filter>HeaderFiles\art</Filter>
    </ClInclude>
    <ClInclude Include="..\include\art\pipeinit.hpp">
      <Filter>HeaderFiles\art</Filter>
    </ClInclude>
    <ClInclude Include="..\include\art\rosenbrock.h">
      <Filter>HeaderFiles\art</Filter>
    </ClInclude>
    <ClInclude Include="..\include\art\SimpleMatrix.h">
      <Filter>HeaderFiles\art</Filter>
    </ClInclude>
    <ClInclude Include="..\include\art\statistic.hpp">
      <Filter>HeaderFiles\art</Filter>
    </ClInclude>
    <ClInclude Include="..\include\art\strparsing.h">
      <Filter>HeaderFiles\art</Filter>
    </ClInclude>
    <ClInclude Include="..\include\art\token.h">
      <Filter>HeaderFiles\art</Filter>
    </ClInclude>
    <ClInclude Include="..\include\art\WindInstrument.h">
      <Filter>HeaderFiles\art</Filter>
    </ClInclude>
    <ClInclude Include="..\include\ga\ga.h">
      <Filter>HeaderFiles\ga</Filter>
    </ClInclude>
    <ClInclude Include="..\include\ga\GA1DArrayGenome.h">
      <Filter>HeaderFiles\ga</Filter>
    </ClInclude>
    <ClInclude Include="..\include\ga\GA1DBinStrGenome.h">
      <Filter>HeaderFiles\ga</Filter>
    </ClInclude>
    <ClInclude Include="..\include\ga\GA2DArrayGenome.h">
      <Filter>HeaderFiles\ga</Filter>
    </ClInclude>
    <ClInclude Include="..\include\ga\GA2DBinStrGenome.h">
      <Filter>HeaderFiles\ga</Filter>
    </ClInclude>
    <ClInclude Include="..\include\ga\GA3DArrayGenome.h">
      <Filter>HeaderFiles\ga</Filter>
    </ClInclude>
    <ClInclude Include="..\include\ga\GA3DBinStrGenome.h">
      <Filter>HeaderFiles\ga</Filter>
    </ClInclude>
    <ClInclude Include="..\include\ga\GAAllele.h">
      <Filter>HeaderFiles\ga</Filter>
    </ClInclude>
    <ClInclude Include="..\include\ga\GAArray.h">
      <Filter>HeaderFiles\ga</Filter>
    </ClInclude>
    <ClInclude Include="..\include\ga\GABaseGA.h">
      <Filter>HeaderFiles\ga</Filter>
    </ClInclude>
    <ClInclude Include="..\include\ga\GABin2DecGenome.h">
      <Filter>HeaderFiles\ga</Filter>
    </ClInclude>
    <ClInclude Include="..\include\ga\gabincvt.h">
      <Filter>HeaderFiles\ga</Filter>
    </ClInclude>
    <ClInclude Include="..\include\ga\GABinStr.h">
      <Filter>HeaderFiles\ga</Filter>
    </ClInclude>
    <ClInclude Include="..\include\ga\gaconfig.h">
      <Filter>HeaderFiles\ga</Filter>
    </ClInclude>
    <ClInclude Include="..\include\ga\GADCrowdingGA.h">
      <Filter>HeaderFiles\ga</Filter>
    </ClInclude>
    <ClInclude Include="..\include\ga\GADemeGA.h">
      <Filter>HeaderFiles\ga</Filter>
    </ClInclude>
    <ClInclude Include="..\include\ga\gaerror.h">
      <Filter>HeaderFiles\ga</Filter>
    </ClInclude>
    <ClInclude Include="..\include\ga\GAEvalData.h">
      <Filter>HeaderFiles\ga</Filter>
    </ClInclude>
    <ClInclude Include="..\include\ga\GAGenome.h">
      <Filter>HeaderFiles\ga</Filter>
    </ClInclude>
    <ClInclude Include="..\include\ga\gaid.h">
      <Filter>HeaderFiles\ga</Filter>
    </ClInclude>
    <ClInclude Include="..\include\ga\GAIncGA.h">
      <Filter>HeaderFiles\ga</Filter>
    </ClInclude>
    <ClInclude Include="..\include\ga\GAList.h">
      <Filter>HeaderFiles\ga</Filter>
    </ClInclude>
    <ClInclude Include="..\include\ga\GAListBASE.h">
      <Filter>HeaderFiles\ga</Filter>
    </ClInclude>
    <ClInclude Include="..\include\ga\GAListGenome.h">
      <Filter>HeaderFiles\ga</Filter>
    </ClInclude>
    <ClInclude Include="..\include\ga\GAMask.h">
      <Filter>HeaderFiles\ga</Filter>
    </ClInclude>
    <ClInclude Include="..\include\ga\GANode.h">
      <Filter>HeaderFiles\ga</Filter>
    </ClInclude>
    <ClInclude Include="..\include\ga\GAParameter.h">
      <Filter>HeaderFiles\ga</Filter>
    </ClInclude>
    <ClInclude Include="..\include\ga\GAPopulation.h">
      <Filter>HeaderFiles\ga</Filter>
    </ClInclude>
    <ClInclude Include="..\include\ga\garandom.h">
      <Filter>HeaderFiles\ga</Filter>
    </ClInclude>
    <ClInclude Include="..\include\ga\GARealGenome.h">
      <Filter>HeaderFiles\ga</Filter>
    </ClInclude>
    <ClInclude Include="..\include\ga\GAScaling.h">
      <Filter>HeaderFiles\ga</Filter>
    </ClInclude>
    <ClInclude Include="..\include\ga\GASelector.h">
      <Filter>HeaderFiles\ga</Filter>
    </ClInclude>
    <ClInclude Include="..\include\ga\GASimpleGA.h">
      <Filter>HeaderFiles\ga</Filter>
    </ClInclude>
    <ClInclude Include="..\include\ga\GASStateGA.h">
      <Filter>HeaderFiles\ga</Filter>
    </ClInclude>
    <ClInclude Include="..\include\ga\GAStatistics.h">
      <Filter>HeaderFiles\ga</Filter>
    </ClInclude>
    <ClInclude Include="..\include\ga\GAStringGenome.h">
      <Filter>HeaderFiles\ga</Filter>
    </ClInclude>
    <ClInclude Include="..\include\ga\GATree.h">
      <Filter>HeaderFiles\ga</Filter>
    </ClInclude>
    <ClInclude Include="..\include\ga\GATreeBASE.h">
      <Filter>HeaderFiles\ga</Filter>
    </ClInclude>
    <ClInclude Include="..\include\ga\GATreeGenome.h">
      <Filter>HeaderFiles\ga</Filter>
    </ClInclude>
    <ClInclude Include="..\include\ga\gatypes.h">
      <Filter>HeaderFiles\ga</Filter>
    </ClInclude>
    <ClInclude Include="..\include\ga\gaversion.h">
      <Filter>HeaderFiles\ga</Filter>
    </ClInclude>
    <ClInclude Include="..\include\ga\std_stream.h">
      <Filter>HeaderFiles\ga</Filter>
    </ClInclude>
    <ClInclude Include="..\include\muParser\memory.h">
      <Filter>HeaderFiles\muParser</Filter>
    </ClInclude>
    <ClInclude Include="..\include\muParser\mpDefines.h">
      <Filter>HeaderFiles\muParser</Filter>
    </ClInclude>
    <ClInclude Include="..\include\muParser\mpError.h">
      <Filter>HeaderFiles\muParser</Filter>
    </ClInclude>
    <ClInclude Include="..\include\muParser\mpFuncCmplx.h">
      <Filter>HeaderFiles\muParser</Filter>
    </ClInclude>
    <ClInclude Include="..\include\muParser\mpFuncCommon.h">
      <Filter>HeaderFiles\muParser</Filter>
    </ClInclude>
    <ClInclude Include="..\include\muParser\mpFuncNonCmplx.h">
      <Filter>HeaderFiles\muParser</Filter>
    </ClInclude>
    <ClInclude Include="..\include\muParser\mpFuncStr.h">
      <Filter>HeaderFiles\muParser</Filter>
    </ClInclude>
    <ClInclude Include="..\include\muParser\mpFwdDecl.h">
      <Filter>HeaderFiles\muParser</Filter>
    </ClInclude>
    <ClInclude Include="..\include\muParser\mpICallback.h">
      <Filter>HeaderFiles\muParser</Filter>
    </ClInclude>
    <ClInclude Include="..\include\muParser\mpIfThenElse.h">
      <Filter>HeaderFiles\muParser</Filter>
    </ClInclude>
    <ClInclude Include="..\include\muParser\mpIOprt.h">
      <Filter>HeaderFiles\muParser</Filter>
    </ClInclude>
    <ClInclude Include="..\include\muParser\mpIPackage.h">
      <Filter>HeaderFiles\muParser</Filter>
    </ClInclude>
    <ClInclude Include="..\include\muParser\mpIToken.h">
      <Filter>HeaderFiles\muParser</Filter>
    </ClInclude>
    <ClInclude Include="..\include\muParser\mpIValReader.h">
      <Filter>HeaderFiles\muParser</Filter>
    </ClInclude>
    <ClInclude Include="..\include\muParser\mpIValue.h">
      <Filter>HeaderFiles\muParser</Filter>
    </ClInclude>
    <ClInclude Include="..\include\muParser\mpOprtBinAssign.h">
      <Filter>HeaderFiles\muParser</Filter>
    </ClInclude>
    <ClInclude Include="..\include\muParser\mpOprtBinCommon.h">
      <Filter>HeaderFiles\muParser</Filter>
    </ClInclude>
    <ClInclude Include="..\include\muParser\mpOprtCmplx.h">
      <Filter>HeaderFiles\muParser</Filter>
    </ClInclude>
    <ClInclude Include="..\include\muParser\mpOprtNonCmplx.h">
      <Filter>HeaderFiles\muParser</Filter>
    </ClInclude>
    <ClInclude Include="..\include\muParser\mpOverload.h">
      <Filter>HeaderFiles\muParser</Filter>
    </ClInclude>
    <ClInclude Include="..\include\muParser\mpPackageCmplx.h">
      <Filter>HeaderFiles\muParser</Filter>
    </ClInclude>
    <ClInclude Include="..\include\muParser\mpPackageCommon.h">
      <Filter>HeaderFiles\muParser</Filter>
    </ClInclude>
    <ClInclude Include="..\include\muParser\mpPackageNonCmplx.h">
      <Filter>HeaderFiles\muParser</Filter>
    </ClInclude>
    <ClInclude Include="..\include\muParser\mpPackageStr.h">
      <Filter>HeaderFiles\muParser</Filter>
    </ClInclude>
    <ClInclude Include="..\include\muParser\mpPackageUnit.h">
      <Filter>HeaderFiles\muParser</Filter>
    </ClInclude>
    <ClInclude Include="..\include\muParser\mpParser.h">
      <Filter>HeaderFiles\muParser</Filter>
    </ClInclude>
    <ClInclude Include="..\include\muParser\mpParserBase.h">
      <Filter>HeaderFiles\muParser</Filter>
    </ClInclude>
    <ClInclude Include="..\include\muParser\mpRPN.h">
      <Filter>HeaderFiles\muParser</Filter>
    </ClInclude>
    <ClInclude Include="..\include\muParser\mpStack.h">
      <Filter>HeaderFiles\muParser</Filter>
    </ClInclude>
    <ClInclude Include="..\include\muParser\mpTest.h">
      <Filter>HeaderFiles\muParser</Filter>
    </ClInclude>
    <ClInclude Include="..\include\muParser\mpTokenReader.h">
      <Filter>HeaderFiles\muParser</Filter>
    </ClInclude>
    <ClInclude Include="..\include\muParser\mpTypes.h">
      <Filter>HeaderFiles\muParser</Filter>
    </ClInclude>
    <ClInclude Include="..\include\muParser\mpValReader.h">
      <Filter>HeaderFiles\muParser</Filter>
    </ClInclude>
    <ClInclude Include="..\include\muParser\mpValue.h">
      <Filter>HeaderFiles\muParser</Filter>
    </ClInclude>
    <ClInclude Include="..\include\muParser\mpValueCache.h">
      <Filter>HeaderFiles\muParser</Filter>
    </ClInclude>
    <ClInclude Include="..\include\muParser\mpVariable.h">
      <Filter>HeaderFiles\muParser</Filter>
    </ClInclude>
    <ClInclude Include="..\include\muParser\suSortPred.h">
      <Filter>HeaderFiles\muParser</Filter>
    </ClInclude>
    <ClInclude Include="..\include\muParser\utGeneric.h">
      <Filter>HeaderFiles\muParser</Filter>
    </ClInclude>
    <ClInclude Include="..\include\fortran\f2c.h">
      <Filter>HeaderFiles\fortran</Filter>
    </ClInclude>
    <ClInclude Include="..\include\art\ARTtimeModule.h">
      <Filter>HeaderFiles\art</Filter>
    </ClInclude>
    <ClInclude Include="..\include\art\ARTsimulator.h">
      <Filter>HeaderFiles\art</Filter>
    </ClInclude>
  </ItemGroup>
  <ItemGroup>
    <_EmbedManagedResourceFile Include="..\source\art\Art.clp">
      <Filter>SourceFiles\art</Filter>
    </_EmbedManagedResourceFile>
  </ItemGroup>
</Project>